
Microsoft Visual Studio Solution File, Format Version 12.00
# Visual Studio Version 16
VisualStudioVersion = 16.0.29709.97
MinimumVisualStudioVersion = 10.0.40219.1
Project("{FAE04EC0-301F-11D3-BF4B-00C04F79EFBC}") = "TestApplication", "TestApplication\TestApplication.csproj", "{B17A3C1B-E8C1-4A04-85B7-644102395A80}"
EndProject
Project("{9A19103F-16F7-4668-BE54-9A1E7A4F7556}") = "MONGODB", "MONGODB\MONGODB.csproj", "{E8CAD751-11AF-42AC-873B-8FD36C0B770A}"
	ProjectSection(ProjectDependencies) = postProject
		{BE8A36DD-D0D1-4C10-A833-E85B0C08DF0A} = {BE8A36DD-D0D1-4C10-A833-E85B0C08DF0A}
	EndProjectSection
EndProject
Project("{9A19103F-16F7-4668-BE54-9A1E7A4F7556}") = "Tool", "Tool\Tool.csproj", "{BE8A36DD-D0D1-4C10-A833-E85B0C08DF0A}"
EndProject
Project("{FAE04EC0-301F-11D3-BF4B-00C04F79EFBC}") = "WINFORM", "WINFORM\WINFORM.csproj", "{DB006DF0-1201-4FDF-A1F7-D01DC2057DE0}"
EndProject
Project("{FAE04EC0-301F-11D3-BF4B-00C04F79EFBC}") = "Support", "Support\Support.csproj", "{E33B07FC-958F-496A-8526-BE98018E13B9}"
EndProject
Project("{FAE04EC0-301F-11D3-BF4B-00C04F79EFBC}") = "TCPChannel", "TCPChannel\TCPChannel.csproj", "{FE2C354E-0FBB-4A12-B37A-946FC97FD197}"
EndProject
Project("{FAE04EC0-301F-11D3-BF4B-00C04F79EFBC}") = "ASPNET", "ASPNET\ASPNET.csproj", "{D194907C-06B2-4926-908B-3E3ED864B7E9}"
EndProject
Project("{FAE04EC0-301F-11D3-BF4B-00C04F79EFBC}") = "SQL", "SQL\SQL.csproj", "{7F5A7E2D-3689-4C44-AA42-49A3B2270046}"
EndProject
Global
	GlobalSection(SolutionConfigurationPlatforms) = preSolution
		Debug|Any CPU = Debug|Any CPU
		Release|Any CPU = Release|Any CPU
	EndGlobalSection
	GlobalSection(ProjectConfigurationPlatforms) = postSolution
		{B17A3C1B-E8C1-4A04-85B7-644102395A80}.Debug|Any CPU.ActiveCfg = Debug|Any CPU
		{B17A3C1B-E8C1-4A04-85B7-644102395A80}.Debug|Any CPU.Build.0 = Debug|Any CPU
		{B17A3C1B-E8C1-4A04-85B7-644102395A80}.Release|Any CPU.ActiveCfg = Release|Any CPU
		{B17A3C1B-E8C1-4A04-85B7-644102395A80}.Release|Any CPU.Build.0 = Release|Any CPU
		{E8CAD751-11AF-42AC-873B-8FD36C0B770A}.Debug|Any CPU.ActiveCfg = Debug|Any CPU
		{E8CAD751-11AF-42AC-873B-8FD36C0B770A}.Debug|Any CPU.Build.0 = Debug|Any CPU
		{E8CAD751-11AF-42AC-873B-8FD36C0B770A}.Release|Any CPU.ActiveCfg = Release|Any CPU
		{E8CAD751-11AF-42AC-873B-8FD36C0B770A}.Release|Any CPU.Build.0 = Release|Any CPU
		{BE8A36DD-D0D1-4C10-A833-E85B0C08DF0A}.Debug|Any CPU.ActiveCfg = Debug|Any CPU
		{BE8A36DD-D0D1-4C10-A833-E85B0C08DF0A}.Debug|Any CPU.Build.0 = Debug|Any CPU
		{BE8A36DD-D0D1-4C10-A833-E85B0C08DF0A}.Release|Any CPU.ActiveCfg = Release|Any CPU
		{BE8A36DD-D0D1-4C10-A833-E85B0C08DF0A}.Release|Any CPU.Build.0 = Release|Any CPU
		{DB006DF0-1201-4FDF-A1F7-D01DC2057DE0}.Debug|Any CPU.ActiveCfg = Debug|Any CPU
		{DB006DF0-1201-4FDF-A1F7-D01DC2057DE0}.Debug|Any CPU.Build.0 = Debug|Any CPU
		{DB006DF0-1201-4FDF-A1F7-D01DC2057DE0}.Release|Any CPU.ActiveCfg = Release|Any CPU
		{DB006DF0-1201-4FDF-A1F7-D01DC2057DE0}.Release|Any CPU.Build.0 = Release|Any CPU
		{E33B07FC-958F-496A-8526-BE98018E13B9}.Debug|Any CPU.ActiveCfg = Debug|Any CPU
		{E33B07FC-958F-496A-8526-BE98018E13B9}.Debug|Any CPU.Build.0 = Debug|Any CPU
		{E33B07FC-958F-496A-8526-BE98018E13B9}.Release|Any CPU.ActiveCfg = Release|Any CPU
		{E33B07FC-958F-496A-8526-BE98018E13B9}.Release|Any CPU.Build.0 = Release|Any CPU
		{FE2C354E-0FBB-4A12-B37A-946FC97FD197}.Debug|Any CPU.ActiveCfg = Debug|Any CPU
		{FE2C354E-0FBB-4A12-B37A-946FC97FD197}.Debug|Any CPU.Build.0 = Debug|Any CPU
		{FE2C354E-0FBB-4A12-B37A-946FC97FD197}.Release|Any CPU.ActiveCfg = Release|Any CPU
		{FE2C354E-0FBB-4A12-B37A-946FC97FD197}.Release|Any CPU.Build.0 = Release|Any CPU
		{D194907C-06B2-4926-908B-3E3ED864B7E9}.Debug|Any CPU.ActiveCfg = Debug|Any CPU
		{D194907C-06B2-4926-908B-3E3ED864B7E9}.Debug|Any CPU.Build.0 = Debug|Any CPU
		{D194907C-06B2-4926-908B-3E3ED864B7E9}.Release|Any CPU.ActiveCfg = Release|Any CPU
		{D194907C-06B2-4926-908B-3E3ED864B7E9}.Release|Any CPU.Build.0 = Release|Any CPU
		{7F5A7E2D-3689-4C44-AA42-49A3B2270046}.Debug|Any CPU.ActiveCfg = Debug|Any CPU
		{7F5A7E2D-3689-4C44-AA42-49A3B2270046}.Debug|Any CPU.Build.0 = Debug|Any CPU
		{7F5A7E2D-3689-4C44-AA42-49A3B2270046}.Release|Any CPU.ActiveCfg = Release|Any CPU
		{7F5A7E2D-3689-4C44-AA42-49A3B2270046}.Release|Any CPU.Build.0 = Release|Any CPU
	EndGlobalSection
	GlobalSection(SolutionProperties) = preSolution
		HideSolutionNode = FALSE
	EndGlobalSection
	GlobalSection(ExtensibilityGlobals) = postSolution
		SolutionGuid = {262D8878-0AC2-476C-BEBC-E8987981D6D2}
	EndGlobalSection
EndGlobal
